
Microsoft Visual Studio Solution File, Format Version 12.00
# Visual Studio Version 16
VisualStudioVersion = 16.0.30621.155
MinimumVisualStudioVersion = 10.0.40219.1
Project("{8BC9CEB8-8B4A-11D0-8D11-00A0C91BC942}") = "ControlLayer", "ControlLayer\ControlLayer.vcxproj", "{B69169FA-6F2E-4F1D-97AE-DB9CED9B24E9}"
EndProject
Project("{8BC9CEB8-8B4A-11D0-8D11-00A0C91BC942}") = "BusinessLayer", "BusinessLayer\BusinessLayer.vcxproj", "{68CEC9FE-93E3-4AC8-A20D-355639955425}"
EndProject
Project("{8BC9CEB8-8B4A-11D0-8D11-00A0C91BC942}") = "GUILayer", "GUILayer\GUILayer.vcxproj", "{D9A4A90C-3088-4DCC-A8F1-898D03BA61B3}"
EndProject
Project("{8BC9CEB8-8B4A-11D0-8D11-00A0C91BC942}") = "DatabaseLayer", "DatabaseLayer\DatabaseLayer.vcxproj", "{5640B1E6-D9BC-4DDB-A5EF-0FC0D7F50FD7}"
EndProject
Global
	GlobalSection(SolutionConfigurationPlatforms) = preSolution
		Debug|x64 = Debug|x64
		Debug|x86 = Debug|x86
		Release|x64 = Release|x64
		Release|x86 = Release|x86
	EndGlobalSection
	GlobalSection(ProjectConfigurationPlatforms) = postSolution
		{B69169FA-6F2E-4F1D-97AE-DB9CED9B24E9}.Debug|x64.ActiveCfg = Debug|x64
		{B69169FA-6F2E-4F1D-97AE-DB9CED9B24E9}.Debug|x64.Build.0 = Debug|x64
		{B69169FA-6F2E-4F1D-97AE-DB9CED9B24E9}.Debug|x86.ActiveCfg = Debug|Win32
		{B69169FA-6F2E-4F1D-97AE-DB9CED9B24E9}.Debug|x86.Build.0 = Debug|Win32
		{B69169FA-6F2E-4F1D-97AE-DB9CED9B24E9}.Release|x64.ActiveCfg = Release|x64
		{B69169FA-6F2E-4F1D-97AE-DB9CED9B24E9}.Release|x64.Build.0 = Release|x64
		{B69169FA-6F2E-4F1D-97AE-DB9CED9B24E9}.Release|x86.ActiveCfg = Release|Win32
		{B69169FA-6F2E-4F1D-97AE-DB9CED9B24E9}.Release|x86.Build.0 = Release|Win32
		{68CEC9FE-93E3-4AC8-A20D-355639955425}.Debug|x64.ActiveCfg = Debug|x64
		{68CEC9FE-93E3-4AC8-A20D-355639955425}.Debug|x64.Build.0 = Debug|x64
		{68CEC9FE-93E3-4AC8-A20D-355639955425}.Debug|x86.ActiveCfg = Debug|Win32
		{68CEC9FE-93E3-4AC8-A20D-355639955425}.Debug|x86.Build.0 = Debug|Win32
		{68CEC9FE-93E3-4AC8-A20D-355639955425}.Release|x64.ActiveCfg = Release|x64
		{68CEC9FE-93E3-4AC8-A20D-355639955425}.Release|x64.Build.0 = Release|x64
		{68CEC9FE-93E3-4AC8-A20D-355639955425}.Release|x86.ActiveCfg = Release|Win32
		{68CEC9FE-93E3-4AC8-A20D-355639955425}.Release|x86.Build.0 = Release|Win32
		{D9A4A90C-3088-4DCC-A8F1-898D03BA61B3}.Debug|x64.ActiveCfg = Debug|x64
		{D9A4A90C-3088-4DCC-A8F1-898D03BA61B3}.Debug|x64.Build.0 = Debug|x64
		{D9A4A90C-3088-4DCC-A8F1-898D03BA61B3}.Debug|x86.ActiveCfg = Debug|Win32
		{D9A4A90C-3088-4DCC-A8F1-898D03BA61B3}.Debug|x86.Build.0 = Debug|Win32
		{D9A4A90C-3088-4DCC-A8F1-898D03BA61B3}.Release|x64.ActiveCfg = Release|x64
		{D9A4A90C-3088-4DCC-A8F1-898D03BA61B3}.Release|x64.Build.0 = Release|x64
		{D9A4A90C-3088-4DCC-A8F1-898D03BA61B3}.Release|x86.ActiveCfg = Release|Win32
		{D9A4A90C-3088-4DCC-A8F1-898D03BA61B3}.Release|x86.Build.0 = Release|Win32
		{5640B1E6-D9BC-4DDB-A5EF-0FC0D7F50FD7}.Debug|x64.ActiveCfg = Debug|x64
		{5640B1E6-D9BC-4DDB-A5EF-0FC0D7F50FD7}.Debug|x64.Build.0 = Debug|x64
		{5640B1E6-D9BC-4DDB-A5EF-0FC0D7F50FD7}.Debug|x86.ActiveCfg = Debug|Win32
		{5640B1E6-D9BC-4DDB-A5EF-0FC0D7F50FD7}.Debug|x86.Build.0 = Debug|Win32
		{5640B1E6-D9BC-4DDB-A5EF-0FC0D7F50FD7}.Release|x64.ActiveCfg = Release|x64
		{5640B1E6-D9BC-4DDB-A5EF-0FC0D7F50FD7}.Release|x64.Build.0 = Release|x64
		{5640B1E6-D9BC-4DDB-A5EF-0FC0D7F50FD7}.Release|x86.ActiveCfg = Release|Win32
		{5640B1E6-D9BC-4DDB-A5EF-0FC0D7F50FD7}.Release|x86.Build.0 = Release|Win32
	EndGlobalSection
	GlobalSection(SolutionProperties) = preSolution
		HideSolutionNode = FALSE
	EndGlobalSection
	GlobalSection(ExtensibilityGlobals) = postSolution
		SolutionGuid = {2B233DB0-4A93-480E-A593-C7B3F4F8ADC3}
	EndGlobalSection
EndGlobal
